{
    "name": "jw-angular-pagination",
    "version": "1.1.0",
    "lockfileVersion": 1,
    "requires": true,
    "dependencies": {
        "@angular/common": {
            "version": "5.2.10",
            "resolved": "https://registry.npmjs.org/@angular/common/-/common-5.2.10.tgz",
            "integrity": "sha512-4zgI/Q6bo/KCvrDPf8gc2IpTJ3PFKgd9RF4jZuh1uc+uEYTAj396tDF8o412AJ/iwtYOHWUx+YgzAvT8dHXZ5Q==",
            "dev": true,
            "requires": {
                "tslib": "^1.7.1"
            }
        },
        "@angular/compiler": {
            "version": "5.2.10",
            "resolved": "https://registry.npmjs.org/@angular/compiler/-/compiler-5.2.10.tgz",
            "integrity": "sha512-FI9ip+aWGpKQB+VfNbFQ+wyh0K4Th8Q/MrHxW6CN4BYVAfFtfORRohvyyYk0sRxuQO8JFN3W/FFfdXjuL+cZKw==",
            "dev": true,
            "requires": {
                "tslib": "^1.7.1"
            }
        },
        "@angular/core": {
            "version": "5.2.10",
            "resolved": "https://registry.npmjs.org/@angular/core/-/core-5.2.10.tgz",
            "integrity": "sha512-glDuTtHTcAVhfU3NVewxz/W+Iweq5IaeW2tnMa+RKLopYk9fRs8eR5iTixTGvegwKR770vfXg/gR7P6Ii5cYGQ==",
            "dev": true,
            "requires": {
                "tslib": "^1.7.1"
            }
        },
        "@types/node": {
            "version": "9.6.6",
            "resolved": "https://registry.npmjs.org/@types/node/-/node-9.6.6.tgz",
            "integrity": "sha512-SJe0g5cZeGNDP5sD8mIX3scb+eq8LQQZ60FXiKZHipYSeEFZ5EKml+NNMiO76F74TY4PoMWlNxF/YRY40FOvZQ==",
            "dev": true
        },
        "jw-paginate": {
            "version": "1.0.2",
            "resolved": "https://registry.npmjs.org/jw-paginate/-/jw-paginate-1.0.2.tgz",
            "integrity": "sha1-OM/LfmOX2CjpNTuU08dyERb3Rx0="
        },
        "rxjs": {
            "version": "5.5.10",
            "resolved": "https://registry.npmjs.org/rxjs/-/rxjs-5.5.10.tgz",
            "integrity": "sha512-SRjimIDUHJkon+2hFo7xnvNC4ZEHGzCRwh9P7nzX3zPkCGFEg/tuElrNR7L/rZMagnK2JeH2jQwPRpmyXyLB6A==",
            "dev": true,
            "requires": {
                "symbol-observable": "1.0.1"
            }
        },
        "symbol-observable": {
            "version": "1.0.1",
            "resolved": "https://registry.npmjs.org/symbol-observable/-/symbol-observable-1.0.1.tgz",
            "integrity": "sha1-g0D8RwLDEi310iKI+IKD9RPT/dQ=",
            "dev": true
        },
        "tslib": {
            "version": "1.9.0",
            "resolved": "https://registry.npmjs.org/tslib/-/tslib-1.9.0.tgz",
            "integrity": "sha512-f/qGG2tUkrISBlQZEjEqoZ3B2+npJjIf04H1wuAv9iA8i04Icp+61KRXxFdha22670NJopsZCIjhC3SnjPRKrQ==",
            "dev": true
        },
        "typescript": {
            "version": "2.8.3",
            "resolved": "https://registry.npmjs.org/typescript/-/typescript-2.8.3.tgz",
            "integrity": "sha512-K7g15Bb6Ra4lKf7Iq2l/I5/En+hLIHmxWZGq3D4DIRNFxMNV6j2SHSvDOqs2tGd4UvD/fJvrwopzQXjLrT7Itw==",
            "dev": true
        },
        "zone.js": {
            "version": "0.8.26",
            "resolved": "https://registry.npmjs.org/zone.js/-/zone.js-0.8.26.tgz",
            "integrity": "sha512-W9Nj+UmBJG251wkCacIkETgra4QgBo/vgoEkb4a2uoLzpQG7qF9nzwoLXWU5xj3Fg2mxGvEDh47mg24vXccYjA==",
            "dev": true
        }
    }
}
